{
  "name": "vertx-es4x-ts-mongodb",
  "version": "1.0.0",
  "lockfileVersion": 3,
  "requires": true,
  "packages": {
    "": {
      "name": "vertx-es4x-ts-mongodb",
      "version": "1.0.0",
      "hasInstallScript": true,
      "license": "ISC",
      "dependencies": {
        "@vertx/core": "4.3.8"
      },
      "devDependencies": {
        "@es4x/create": "0.19.2",
        "@vertx/unit": "4.3.8",
        "typescript": "^5.0.4"
      }
    },
    "node_modules/@es4x/create": {
      "version": "0.19.2",
      "resolved": "https://registry.npmjs.org/@es4x/create/-/create-0.19.2.tgz",
      "integrity": "sha512-PkT38lW9PxQu1dB5zSMrm8k6sXDPDqbvYoLHB7on86duMTOrvHYA8VQSHhs9Lyyot764UkVcJdAqeaQuZv3qgA==",
      "dev": true,
      "bin": {
        "es4x": "bin/es4x-cli.js"
      }
    },
    "node_modules/@vertx/core": {
      "version": "4.3.8",
      "resolved": "https://registry.npmjs.org/@vertx/core/-/core-4.3.8.tgz",
      "integrity": "sha512-SYgmDxjX8LPxlyRKSqkBKx5SxR3Kc7Dad/EmgFiWAu8TZ7Y6Q5SJouwquy+OMnybaonsFj1xvkNaEixqQQDk1g=="
    },
    "node_modules/@vertx/unit": {
      "version": "4.3.8",
      "resolved": "https://registry.npmjs.org/@vertx/unit/-/unit-4.3.8.tgz",
      "integrity": "sha512-lj5o2hMlQgQHK6simphT6qcCkrUmhoM8tFlz/iSRj29lXVQv/FLUbhALKdJPJgMkqcYG1QaGUN5RMnZj6q019g==",
      "dev": true,
      "dependencies": {
        "@vertx/core": "4.3.8"
      }
    },
    "node_modules/typescript": {
      "version": "5.0.4",
      "resolved": "https://registry.npmjs.org/typescript/-/typescript-5.0.4.tgz",
      "integrity": "sha512-cW9T5W9xY37cc+jfEnaUvX91foxtHkza3Nw3wkoF4sSlKn0MONdkdEndig/qPBWXNkmplh3NzayQzCiHM4/hqw==",
      "dev": true,
      "bin": {
        "tsc": "bin/tsc",
        "tsserver": "bin/tsserver"
      },
      "engines": {
        "node": ">=12.20"
      }
    }
  }
}
