{
  "name": "vertx-es4x-ts-mongodb",
  "version": "1.0.0",
  "lockfileVersion": 3,
  "requires": true,
  "packages": {
    "": {
      "name": "vertx-es4x-ts-mongodb",
      "version": "1.0.0",
      "hasInstallScript": true,
      "license": "ISC",
      "dependencies": {
        "@vertx/core": "4.5.14",
        "@vertx/mongo-client": "4.5.14",
        "@vertx/web": "4.5.14"
      },
      "devDependencies": {
        "@es4x/create": "0.22.0",
        "@vertx/unit": "4.5.14",
        "typescript": "^5.8.0"
      }
    },
    "node_modules/@es4x/create": {
      "version": "0.22.0",
      "resolved": "https://registry.npmjs.org/@es4x/create/-/create-0.22.0.tgz",
      "integrity": "sha512-Wq3w9zySqKh0MRdq4eZIYjajJ8RSYh6hhA7Z8oSMDo66+/ESgOKPZfFIX9fNkBu+QLT86LIKXm163/zZJrh4hw==",
      "dev": true,
      "license": "MIT",
      "bin": {
        "es4x": "bin/es4x-cli.js"
      }
    },
    "node_modules/@vertx/auth-common": {
      "version": "4.5.14",
      "resolved": "https://registry.npmjs.org/@vertx/auth-common/-/auth-common-4.5.14.tgz",
      "integrity": "sha512-uT2M3uMcWBPM9TghkeX+7jC9zB/yjq+EpPKhpnkSwYZKkFVzsb9rMLQBmGrE5HCmdLIONWa8rZRaiFnHKs5Usg==",
      "license": "Apache-2.0",
      "dependencies": {
        "@vertx/core": "4.5.14"
      }
    },
    "node_modules/@vertx/bridge-common": {
      "version": "4.5.14",
      "resolved": "https://registry.npmjs.org/@vertx/bridge-common/-/bridge-common-4.5.14.tgz",
      "integrity": "sha512-7ygUaPeTmpkqyfBlSvsTvu5nZjyGVi6/E1ZYFuyuERXIzl1RLEyiTmBZbmQExkG6HlMXR8Y8Ev9v0Lwmfn/Yxw==",
      "license": "Apache-2.0",
      "dependencies": {
        "@vertx/core": "4.5.14"
      }
    },
    "node_modules/@vertx/core": {
      "version": "4.5.14",
      "resolved": "https://registry.npmjs.org/@vertx/core/-/core-4.5.14.tgz",
      "integrity": "sha512-oxDzFNGYcTxroWQ5/7Ovj90JstoSgWg8EG7MVWY7Nm1aHz4vKst/GelF7JILt48UzB9AmgWkDF8w1TZzjSHleA==",
      "license": "Apache-2.0"
    },
    "node_modules/@vertx/mongo-client": {
      "version": "4.5.14",
      "resolved": "https://registry.npmjs.org/@vertx/mongo-client/-/mongo-client-4.5.14.tgz",
      "integrity": "sha512-mHQ6pis8+L9cxQ7Dyn4HSGyiuqaJJh82jdBcWdvJDw16lNtgfXLa+3NsIfdPYy2hYw0XZZ5ZBcATQbuMpI4W1g==",
      "license": "Apache-2.0",
      "dependencies": {
        "@vertx/core": "4.5.14"
      }
    },
    "node_modules/@vertx/unit": {
      "version": "4.5.14",
      "resolved": "https://registry.npmjs.org/@vertx/unit/-/unit-4.5.14.tgz",
      "integrity": "sha512-8RJ88d3Rk4V8Ym+errYy1/pdBBYOaGuAeoLwcwG1vj4lcxy8unJ2xT0PL1wxHSGmKjNfhk7Hv63Zup0MzKHjYA==",
      "dev": true,
      "license": "Apache-2.0",
      "dependencies": {
        "@vertx/core": "4.5.14"
      }
    },
    "node_modules/@vertx/web": {
      "version": "4.5.14",
      "resolved": "https://registry.npmjs.org/@vertx/web/-/web-4.5.14.tgz",
      "integrity": "sha512-7gWKdm4X3/NkHyb1VVZn3p8md8eYT4tJuuR1F6G+Zq7/KwBuu8/uezQOwsXPYI8IcJW/9eQiv3dKkZcpHARliQ==",
      "license": "Apache-2.0",
      "dependencies": {
        "@vertx/auth-common": "4.5.14",
        "@vertx/bridge-common": "4.5.14",
        "@vertx/core": "4.5.14",
        "@vertx/web-common": "4.5.14"
      }
    },
    "node_modules/@vertx/web-common": {
      "version": "4.5.14",
      "resolved": "https://registry.npmjs.org/@vertx/web-common/-/web-common-4.5.14.tgz",
      "integrity": "sha512-9pp5vWPUjxh1Mf03gmSz/Zfy9F4JB+xZn4jJocH9j68GCE1kRskoZUZPjx0Sx1Scm73BQtpQmlogFaA+O0bT0A==",
      "license": "Apache-2.0",
      "dependencies": {
        "@vertx/core": "4.5.14"
      }
    },
    "node_modules/typescript": {
      "version": "5.9.3",
      "resolved": "https://registry.npmjs.org/typescript/-/typescript-5.9.3.tgz",
      "integrity": "sha512-jl1vZzPDinLr9eUt3J/t7V6FgNEw9QjvBPdysz9KfQDD41fQrC2Y4vKQdiaUpFT4bXlb1RHhLpp8wtm6M5TgSw==",
      "dev": true,
      "license": "Apache-2.0",
      "bin": {
        "tsc": "bin/tsc",
        "tsserver": "bin/tsserver"
      },
      "engines": {
        "node": ">=14.17"
      }
    }
  }
}
